
Microsoft Visual Studio Solution File, Format Version 12.00
# Visual Studio 2015
Project("{FAE04EC0-301F-11D3-BF4B-00C04F79EFBC}") = "ClassesMysterole.CSharp", "ClassesMysterole.CSharp.csproj", "{D1056706-57F5-A074-CC59-2C340EC815C6}"
EndProject
Global
	GlobalSection(SolutionConfigurationPlatforms) = preSolution
		Debug|Any CPU = Debug|Any CPU
		Release|Any CPU = Release|Any CPU
	EndGlobalSection
	GlobalSection(ProjectConfigurationPlatforms) = postSolution
		{D1056706-57F5-A074-CC59-2C340EC815C6}.Debug|Any CPU.ActiveCfg = Debug|Any CPU
		{D1056706-57F5-A074-CC59-2C340EC815C6}.Debug|Any CPU.Build.0 = Debug|Any CPU
		{D1056706-57F5-A074-CC59-2C340EC815C6}.Release|Any CPU.ActiveCfg = Release|Any CPU
		{D1056706-57F5-A074-CC59-2C340EC815C6}.Release|Any CPU.Build.0 = Release|Any CPU
	EndGlobalSection
	GlobalSection(SolutionProperties) = preSolution
		HideSolutionNode = FALSE
	EndGlobalSection
EndGlobal
