
Microsoft Visual Studio Solution File, Format Version 12.00
# Visual Studio 2015
Project("{FAE04EC0-301F-11D3-BF4B-00C04F79EFBC}") = "MysteRole.CSharp", "MysteRole.CSharp.csproj", "{612DC8B8-C2B5-71F7-D0A5-310BFE1BA491}"
EndProject
Project("{FAE04EC0-301F-11D3-BF4B-00C04F79EFBC}") = "MysteRole.CSharp.Editor", "MysteRole.CSharp.Editor.csproj", "{0617FBAC-E7BF-94D5-8418-0658769B4E6F}"
EndProject
Global
	GlobalSection(SolutionConfigurationPlatforms) = preSolution
		Debug|Any CPU = Debug|Any CPU
		Release|Any CPU = Release|Any CPU
	EndGlobalSection
	GlobalSection(ProjectConfigurationPlatforms) = postSolution
		{612DC8B8-C2B5-71F7-D0A5-310BFE1BA491}.Debug|Any CPU.ActiveCfg = Debug|Any CPU
		{612DC8B8-C2B5-71F7-D0A5-310BFE1BA491}.Debug|Any CPU.Build.0 = Debug|Any CPU
		{612DC8B8-C2B5-71F7-D0A5-310BFE1BA491}.Release|Any CPU.ActiveCfg = Release|Any CPU
		{612DC8B8-C2B5-71F7-D0A5-310BFE1BA491}.Release|Any CPU.Build.0 = Release|Any CPU
		{0617FBAC-E7BF-94D5-8418-0658769B4E6F}.Debug|Any CPU.ActiveCfg = Debug|Any CPU
		{0617FBAC-E7BF-94D5-8418-0658769B4E6F}.Debug|Any CPU.Build.0 = Debug|Any CPU
		{0617FBAC-E7BF-94D5-8418-0658769B4E6F}.Release|Any CPU.ActiveCfg = Release|Any CPU
		{0617FBAC-E7BF-94D5-8418-0658769B4E6F}.Release|Any CPU.Build.0 = Release|Any CPU
	EndGlobalSection
	GlobalSection(SolutionProperties) = preSolution
		HideSolutionNode = FALSE
	EndGlobalSection
EndGlobal
