
Microsoft Visual Studio Solution File, Format Version 12.00
# Visual Studio 2015
Project("{FAE04EC0-301F-11D3-BF4B-00C04F79EFBC}") = "Mysterole.CSharp", "Mysterole.CSharp.csproj", "{B8B753E9-64EF-AD0C-D0FC-CFB6EB614D68}"
EndProject
Project("{FAE04EC0-301F-11D3-BF4B-00C04F79EFBC}") = "Mysterole.CSharp.Editor", "Mysterole.CSharp.Editor.csproj", "{ABB63096-E98C-DE83-AAF9-1E058B29EFF3}"
EndProject
Global
	GlobalSection(SolutionConfigurationPlatforms) = preSolution
		Debug|Any CPU = Debug|Any CPU
		Release|Any CPU = Release|Any CPU
	EndGlobalSection
	GlobalSection(ProjectConfigurationPlatforms) = postSolution
		{B8B753E9-64EF-AD0C-D0FC-CFB6EB614D68}.Debug|Any CPU.ActiveCfg = Debug|Any CPU
		{B8B753E9-64EF-AD0C-D0FC-CFB6EB614D68}.Debug|Any CPU.Build.0 = Debug|Any CPU
		{B8B753E9-64EF-AD0C-D0FC-CFB6EB614D68}.Release|Any CPU.ActiveCfg = Release|Any CPU
		{B8B753E9-64EF-AD0C-D0FC-CFB6EB614D68}.Release|Any CPU.Build.0 = Release|Any CPU
		{ABB63096-E98C-DE83-AAF9-1E058B29EFF3}.Debug|Any CPU.ActiveCfg = Debug|Any CPU
		{ABB63096-E98C-DE83-AAF9-1E058B29EFF3}.Debug|Any CPU.Build.0 = Debug|Any CPU
		{ABB63096-E98C-DE83-AAF9-1E058B29EFF3}.Release|Any CPU.ActiveCfg = Release|Any CPU
		{ABB63096-E98C-DE83-AAF9-1E058B29EFF3}.Release|Any CPU.Build.0 = Release|Any CPU
	EndGlobalSection
	GlobalSection(SolutionProperties) = preSolution
		HideSolutionNode = FALSE
	EndGlobalSection
EndGlobal
